
Microsoft Visual Studio Solution File, Format Version 12.00
# Visual Studio Version 17
VisualStudioVersion = 17.5.33530.505
MinimumVisualStudioVersion = 10.0.40219.1
Project("{FAE04EC0-301F-11D3-BF4B-00C04F79EFBC}") = "MultiUserBank_Ritola", "MultiUserBank_Ritola\MultiUserBank_Ritola.csproj", "{AFF72FB9-5C9D-4A55-8B8B-60C3D207EB19}"
EndProject
Global
	GlobalSection(SolutionConfigurationPlatforms) = preSolution
		Debug|Any CPU = Debug|Any CPU
		Release|Any CPU = Release|Any CPU
	EndGlobalSection
	GlobalSection(ProjectConfigurationPlatforms) = postSolution
		{AFF72FB9-5C9D-4A55-8B8B-60C3D207EB19}.Debug|Any CPU.ActiveCfg = Debug|Any CPU
		{AFF72FB9-5C9D-4A55-8B8B-60C3D207EB19}.Debug|Any CPU.Build.0 = Debug|Any CPU
		{AFF72FB9-5C9D-4A55-8B8B-60C3D207EB19}.Release|Any CPU.ActiveCfg = Release|Any CPU
		{AFF72FB9-5C9D-4A55-8B8B-60C3D207EB19}.Release|Any CPU.Build.0 = Release|Any CPU
	EndGlobalSection
	GlobalSection(SolutionProperties) = preSolution
		HideSolutionNode = FALSE
	EndGlobalSection
	GlobalSection(ExtensibilityGlobals) = postSolution
		SolutionGuid = {DE36A56E-5F0A-46C9-B25B-54EAFD703BEB}
	EndGlobalSection
EndGlobal
